// !$*UTF8*$!
{
	archiveVersion = 1;
	classes = {
	};
	objectVersion = 46;
	objects = {

/* Begin PBXBuildFile section */
		B3CCCFE815091AAA00FADBC1 /* Settings.bundle in Resources */ = {isa = PBXBuildFile; fileRef = B3CCCFE715091AAA00FADBC1 /* Settings.bundle */; };
		B3CD82931507AE2900FF4AED /* UIKit.framework in Frameworks */ = {isa = PBXBuildFile; fileRef = B3CD82921507AE2900FF4AED /* UIKit.framework */; };
		B3CD82951507AE2900FF4AED /* Foundation.framework in Frameworks */ = {isa = PBXBuildFile; fileRef = B3CD82941507AE2900FF4AED /* Foundation.framework */; };
		B3CD82971507AE2900FF4AED /* CoreGraphics.framework in Frameworks */ = {isa = PBXBuildFile; fileRef = B3CD82961507AE2900FF4AED /* CoreGraphics.framework */; };
		B3CD829D1507AE2900FF4AED /* InfoPlist.strings in Resources */ = {isa = PBXBuildFile; fileRef = B3CD829B1507AE2900FF4AED /* InfoPlist.strings */; };
		B3CD829F1507AE2900FF4AED /* main.m in Sources */ = {isa = PBXBuildFile; fileRef = B3CD829E1507AE2900FF4AED /* main.m */; };
		B3CD82A31507AE2900FF4AED /* AppDelegate.m in Sources */ = {isa = PBXBuildFile; fileRef = B3CD82A21507AE2900FF4AED /* AppDelegate.m */; };
		B3CD82A61507AE2900FF4AED /* MainStoryboard.storyboard in Resources */ = {isa = PBXBuildFile; fileRef = B3CD82A41507AE2900FF4AED /* MainStoryboard.storyboard */; };
		B3CD82A91507AE2900FF4AED /* ViewController.m in Sources */ = {isa = PBXBuildFile; fileRef = B3CD82A81507AE2900FF4AED /* ViewController.m */; };
		B3CD82B41507AF0300FF4AED /* settings_icon.png in Resources */ = {isa = PBXBuildFile; fileRef = B3CD82B31507AF0300FF4AED /* settings_icon.png */; };
/* End PBXBuildFile section */

/* Begin PBXFileReference section */
		B3CCCFE715091AAA00FADBC1 /* Settings.bundle */ = {isa = PBXFileReference; lastKnownFileType = "wrapper.plug-in"; path = Settings.bundle; sourceTree = "<group>"; };
		B3CD828E1507AE2900FF4AED /* Converter.app */ = {isa = PBXFileReference; explicitFileType = wrapper.application; includeInIndex = 0; path = Converter.app; sourceTree = BUILT_PRODUCTS_DIR; };
		B3CD82921507AE2900FF4AED /* UIKit.framework */ = {isa = PBXFileReference; lastKnownFileType = wrapper.framework; name = UIKit.framework; path = System/Library/Frameworks/UIKit.framework; sourceTree = SDKROOT; };
		B3CD82941507AE2900FF4AED /* Foundation.framework */ = {isa = PBXFileReference; lastKnownFileType = wrapper.framework; name = Foundation.framework; path = System/Library/Frameworks/Foundation.framework; sourceTree = SDKROOT; };
		B3CD82961507AE2900FF4AED /* CoreGraphics.framework */ = {isa = PBXFileReference; lastKnownFileType = wrapper.framework; name = CoreGraphics.framework; path = System/Library/Frameworks/CoreGraphics.framework; sourceTree = SDKROOT; };
		B3CD829A1507AE2900FF4AED /* Converter-Info.plist */ = {isa = PBXFileReference; lastKnownFileType = text.plist.xml; path = "Converter-Info.plist"; sourceTree = "<group>"; };
		B3CD829C1507AE2900FF4AED /* en */ = {isa = PBXFileReference; lastKnownFileType = text.plist.strings; name = en; path = en.lproj/InfoPlist.strings; sourceTree = "<group>"; };
		B3CD829E1507AE2900FF4AED /* main.m */ = {isa = PBXFileReference; lastKnownFileType = sourcecode.c.objc; path = main.m; sourceTree = "<group>"; };
		B3CD82A01507AE2900FF4AED /* Converter-Prefix.pch */ = {isa = PBXFileReference; lastKnownFileType = sourcecode.c.h; path = "Converter-Prefix.pch"; sourceTree = "<group>"; };
		B3CD82A11507AE2900FF4AED /* AppDelegate.h */ = {isa = PBXFileReference; lastKnownFileType = sourcecode.c.h; path = AppDelegate.h; sourceTree = "<group>"; };
		B3CD82A21507AE2900FF4AED /* AppDelegate.m */ = {isa = PBXFileReference; lastKnownFileType = sourcecode.c.objc; path = AppDelegate.m; sourceTree = "<group>"; };
		B3CD82A51507AE2900FF4AED /* en */ = {isa = PBXFileReference; lastKnownFileType = file.storyboard; name = en; path = en.lproj/MainStoryboard.storyboard; sourceTree = "<group>"; };
		B3CD82A71507AE2900FF4AED /* ViewController.h */ = {isa = PBXFileReference; lastKnownFileType = sourcecode.c.h; path = ViewController.h; sourceTree = "<group>"; };
		B3CD82A81507AE2900FF4AED /* ViewController.m */ = {isa = PBXFileReference; lastKnownFileType = sourcecode.c.objc; path = ViewController.m; sourceTree = "<group>"; };
		B3CD82B31507AF0300FF4AED /* settings_icon.png */ = {isa = PBXFileReference; lastKnownFileType = image.png; path = settings_icon.png; sourceTree = "<group>"; };
/* End PBXFileReference section */

/* Begin PBXFrameworksBuildPhase section */
		B3CD828B1507AE2900FF4AED /* Frameworks */ = {
			isa = PBXFrameworksBuildPhase;
			buildActionMask = 2147483647;
			files = (
				B3CD82931507AE2900FF4AED /* UIKit.framework in Frameworks */,
				B3CD82951507AE2900FF4AED /* Foundation.framework in Frameworks */,
				B3CD82971507AE2900FF4AED /* CoreGraphics.framework in Frameworks */,
			);
			runOnlyForDeploymentPostprocessing = 0;
		};
/* End PBXFrameworksBuildPhase section */

/* Begin PBXGroup section */
		B3CD82831507AE2900FF4AED = {
			isa = PBXGroup;
			children = (
				B3CD82981507AE2900FF4AED /* Converter */,
				B3CD82911507AE2900FF4AED /* Frameworks */,
				B3CD828F1507AE2900FF4AED /* Products */,
			);
			sourceTree = "<group>";
		};
		B3CD828F1507AE2900FF4AED /* Products */ = {
			isa = PBXGroup;
			children = (
				B3CD828E1507AE2900FF4AED /* Converter.app */,
			);
			name = Products;
			sourceTree = "<group>";
		};
		B3CD82911507AE2900FF4AED /* Frameworks */ = {
			isa = PBXGroup;
			children = (
				B3CD82921507AE2900FF4AED /* UIKit.framework */,
				B3CD82941507AE2900FF4AED /* Foundation.framework */,
				B3CD82961507AE2900FF4AED /* CoreGraphics.framework */,
			);
			name = Frameworks;
			sourceTree = "<group>";
		};
		B3CD82981507AE2900FF4AED /* Converter */ = {
			isa = PBXGroup;
			children = (
				B3CD82B31507AF0300FF4AED /* settings_icon.png */,
				B3CD82A11507AE2900FF4AED /* AppDelegate.h */,
				B3CD82A21507AE2900FF4AED /* AppDelegate.m */,
				B3CD82A41507AE2900FF4AED /* MainStoryboard.storyboard */,
				B3CD82A71507AE2900FF4AED /* ViewController.h */,
				B3CD82A81507AE2900FF4AED /* ViewController.m */,
				B3CD82991507AE2900FF4AED /* Supporting Files */,
				B3CCCFE715091AAA00FADBC1 /* Settings.bundle */,
			);
			path = Converter;
			sourceTree = "<group>";
		};
		B3CD82991507AE2900FF4AED /* Supporting Files */ = {
			isa = PBXGroup;
			children = (
				B3CD829A1507AE2900FF4AED /* Converter-Info.plist */,
				B3CD829B1507AE2900FF4AED /* InfoPlist.strings */,
				B3CD829E1507AE2900FF4AED /* main.m */,
				B3CD82A01507AE2900FF4AED /* Converter-Prefix.pch */,
			);
			name = "Supporting Files";
			sourceTree = "<group>";
		};
/* End PBXGroup section */

/* Begin PBXNativeTarget section */
		B3CD828D1507AE2900FF4AED /* Converter */ = {
			isa = PBXNativeTarget;
			buildConfigurationList = B3CD82AC1507AE2900FF4AED /* Build configuration list for PBXNativeTarget "Converter" */;
			buildPhases = (
				B3CD828A1507AE2900FF4AED /* Sources */,
				B3CD828B1507AE2900FF4AED /* Frameworks */,
				B3CD828C1507AE2900FF4AED /* Resources */,
			);
			buildRules = (
			);
			dependencies = (
			);
			name = Converter;
			productName = Converter;
			productReference = B3CD828E1507AE2900FF4AED /* Converter.app */;
			productType = "com.apple.product-type.application";
		};
/* End PBXNativeTarget section */

/* Begin PBXProject section */
		B3CD82851507AE2900FF4AED /* Project object */ = {
			isa = PBXProject;
			attributes = {
				LastUpgradeCheck = 0420;
				ORGANIZATIONNAME = "Treehouse Island Inc";
			};
			buildConfigurationList = B3CD82881507AE2900FF4AED /* Build configuration list for PBXProject "Converter" */;
			compatibilityVersion = "Xcode 3.2";
			developmentRegion = English;
			hasScannedForEncodings = 0;
			knownRegions = (
				en,
			);
			mainGroup = B3CD82831507AE2900FF4AED;
			productRefGroup = B3CD828F1507AE2900FF4AED /* Products */;
			projectDirPath = "";
			projectRoot = "";
			targets = (
				B3CD828D1507AE2900FF4AED /* Converter */,
			);
		};
/* End PBXProject section */

/* Begin PBXResourcesBuildPhase section */
		B3CD828C1507AE2900FF4AED /* Resources */ = {
			isa = PBXResourcesBuildPhase;
			buildActionMask = 2147483647;
			files = (
				B3CD829D1507AE2900FF4AED /* InfoPlist.strings in Resources */,
				B3CD82A61507AE2900FF4AED /* MainStoryboard.storyboard in Resources */,
				B3CD82B41507AF0300FF4AED /* settings_icon.png in Resources */,
				B3CCCFE815091AAA00FADBC1 /* Settings.bundle in Resources */,
			);
			runOnlyForDeploymentPostprocessing = 0;
		};
/* End PBXResourcesBuildPhase section */

/* Begin PBXSourcesBuildPhase section */
		B3CD828A1507AE2900FF4AED /* Sources */ = {
			isa = PBXSourcesBuildPhase;
			buildActionMask = 2147483647;
			files = (
				B3CD829F1507AE2900FF4AED /* main.m in Sources */,
				B3CD82A31507AE2900FF4AED /* AppDelegate.m in Sources */,
				B3CD82A91507AE2900FF4AED /* ViewController.m in Sources */,
			);
			runOnlyForDeploymentPostprocessing = 0;
		};
/* End PBXSourcesBuildPhase section */

/* Begin PBXVariantGroup section */
		B3CD829B1507AE2900FF4AED /* InfoPlist.strings */ = {
			isa = PBXVariantGroup;
			children = (
				B3CD829C1507AE2900FF4AED /* en */,
			);
			name = InfoPlist.strings;
			sourceTree = "<group>";
		};
		B3CD82A41507AE2900FF4AED /* MainStoryboard.storyboard */ = {
			isa = PBXVariantGroup;
			children = (
				B3CD82A51507AE2900FF4AED /* en */,
			);
			name = MainStoryboard.storyboard;
			sourceTree = "<group>";
		};
/* End PBXVariantGroup section */

/* Begin XCBuildConfiguration section */
		B3CD82AA1507AE2900FF4AED /* Debug */ = {
			isa = XCBuildConfiguration;
			buildSettings = {
				ALWAYS_SEARCH_USER_PATHS = NO;
				ARCHS = "$(ARCHS_STANDARD_32_BIT)";
				CLANG_ENABLE_OBJC_ARC = YES;
				"CODE_SIGN_IDENTITY[sdk=iphoneos*]" = "iPhone Developer";
				COPY_PHASE_STRIP = NO;
				GCC_C_LANGUAGE_STANDARD = gnu99;
				GCC_DYNAMIC_NO_PIC = NO;
				GCC_OPTIMIZATION_LEVEL = 0;
				GCC_PREPROCESSOR_DEFINITIONS = (
					"DEBUG=1",
					"$(inherited)",
				);
				GCC_SYMBOLS_PRIVATE_EXTERN = NO;
				GCC_VERSION = com.apple.compilers.llvm.clang.1_0;
				GCC_WARN_ABOUT_MISSING_PROTOTYPES = YES;
				GCC_WARN_ABOUT_RETURN_TYPE = YES;
				GCC_WARN_UNUSED_VARIABLE = YES;
				IPHONEOS_DEPLOYMENT_TARGET = 5.0;
				SDKROOT = iphoneos;
			};
			name = Debug;
		};
		B3CD82AB1507AE2900FF4AED /* Release */ = {
			isa = XCBuildConfiguration;
			buildSettings = {
				ALWAYS_SEARCH_USER_PATHS = NO;
				ARCHS = "$(ARCHS_STANDARD_32_BIT)";
				CLANG_ENABLE_OBJC_ARC = YES;
				"CODE_SIGN_IDENTITY[sdk=iphoneos*]" = "iPhone Developer";
				COPY_PHASE_STRIP = YES;
				GCC_C_LANGUAGE_STANDARD = gnu99;
				GCC_VERSION = com.apple.compilers.llvm.clang.1_0;
				GCC_WARN_ABOUT_MISSING_PROTOTYPES = YES;
				GCC_WARN_ABOUT_RETURN_TYPE = YES;
				GCC_WARN_UNUSED_VARIABLE = YES;
				IPHONEOS_DEPLOYMENT_TARGET = 5.0;
				OTHER_CFLAGS = "-DNS_BLOCK_ASSERTIONS=1";
				SDKROOT = iphoneos;
				VALIDATE_PRODUCT = YES;
			};
			name = Release;
		};
		B3CD82AD1507AE2900FF4AED /* Debug */ = {
			isa = XCBuildConfiguration;
			buildSettings = {
				GCC_PRECOMPILE_PREFIX_HEADER = YES;
				GCC_PREFIX_HEADER = "Converter/Converter-Prefix.pch";
				INFOPLIST_FILE = "Converter/Converter-Info.plist";
				PRODUCT_NAME = "$(TARGET_NAME)";
				WRAPPER_EXTENSION = app;
			};
			name = Debug;
		};
		B3CD82AE1507AE2900FF4AED /* Release */ = {
			isa = XCBuildConfiguration;
			buildSettings = {
				GCC_PRECOMPILE_PREFIX_HEADER = YES;
				GCC_PREFIX_HEADER = "Converter/Converter-Prefix.pch";
				INFOPLIST_FILE = "Converter/Converter-Info.plist";
				PRODUCT_NAME = "$(TARGET_NAME)";
				WRAPPER_EXTENSION = app;
			};
			name = Release;
		};
/* End XCBuildConfiguration section */

/* Begin XCConfigurationList section */
		B3CD82881507AE2900FF4AED /* Build configuration list for PBXProject "Converter" */ = {
			isa = XCConfigurationList;
			buildConfigurations = (
				B3CD82AA1507AE2900FF4AED /* Debug */,
				B3CD82AB1507AE2900FF4AED /* Release */,
			);
			defaultConfigurationIsVisible = 0;
			defaultConfigurationName = Release;
		};
		B3CD82AC1507AE2900FF4AED /* Build configuration list for PBXNativeTarget "Converter" */ = {
			isa = XCConfigurationList;
			buildConfigurations = (
				B3CD82AD1507AE2900FF4AED /* Debug */,
				B3CD82AE1507AE2900FF4AED /* Release */,
			);
			defaultConfigurationIsVisible = 0;
			defaultConfigurationName = Release;
		};
/* End XCConfigurationList section */
	};
	rootObject = B3CD82851507AE2900FF4AED /* Project object */;
}
