// !$*UTF8*$!
{
	archiveVersion = 1;
	classes = {
	};
	objectVersion = 46;
	objects = {

/* Begin PBXBuildFile section */
		B3ECC8D31580ECED0014B917 /* UIKit.framework in Frameworks */ = {isa = PBXBuildFile; fileRef = B3ECC8D21580ECED0014B917 /* UIKit.framework */; };
		B3ECC8D51580ECED0014B917 /* Foundation.framework in Frameworks */ = {isa = PBXBuildFile; fileRef = B3ECC8D41580ECED0014B917 /* Foundation.framework */; };
		B3ECC8D71580ECED0014B917 /* CoreGraphics.framework in Frameworks */ = {isa = PBXBuildFile; fileRef = B3ECC8D61580ECED0014B917 /* CoreGraphics.framework */; };
		B3ECC8DD1580ECED0014B917 /* InfoPlist.strings in Resources */ = {isa = PBXBuildFile; fileRef = B3ECC8DB1580ECED0014B917 /* InfoPlist.strings */; };
		B3ECC8DF1580ECED0014B917 /* main.m in Sources */ = {isa = PBXBuildFile; fileRef = B3ECC8DE1580ECED0014B917 /* main.m */; };
		B3ECC8E31580ECED0014B917 /* AppDelegate.m in Sources */ = {isa = PBXBuildFile; fileRef = B3ECC8E21580ECED0014B917 /* AppDelegate.m */; };
		B3ECC8E61580ECED0014B917 /* MainStoryboard.storyboard in Resources */ = {isa = PBXBuildFile; fileRef = B3ECC8E41580ECED0014B917 /* MainStoryboard.storyboard */; };
		B3ECC8E91580ECEE0014B917 /* ViewController.m in Sources */ = {isa = PBXBuildFile; fileRef = B3ECC8E81580ECEE0014B917 /* ViewController.m */; };
/* End PBXBuildFile section */

/* Begin PBXFileReference section */
		B3ECC8CE1580ECED0014B917 /* CrystalBall.app */ = {isa = PBXFileReference; explicitFileType = wrapper.application; includeInIndex = 0; path = CrystalBall.app; sourceTree = BUILT_PRODUCTS_DIR; };
		B3ECC8D21580ECED0014B917 /* UIKit.framework */ = {isa = PBXFileReference; lastKnownFileType = wrapper.framework; name = UIKit.framework; path = System/Library/Frameworks/UIKit.framework; sourceTree = SDKROOT; };
		B3ECC8D41580ECED0014B917 /* Foundation.framework */ = {isa = PBXFileReference; lastKnownFileType = wrapper.framework; name = Foundation.framework; path = System/Library/Frameworks/Foundation.framework; sourceTree = SDKROOT; };
		B3ECC8D61580ECED0014B917 /* CoreGraphics.framework */ = {isa = PBXFileReference; lastKnownFileType = wrapper.framework; name = CoreGraphics.framework; path = System/Library/Frameworks/CoreGraphics.framework; sourceTree = SDKROOT; };
		B3ECC8DA1580ECED0014B917 /* CrystalBall-Info.plist */ = {isa = PBXFileReference; lastKnownFileType = text.plist.xml; path = "CrystalBall-Info.plist"; sourceTree = "<group>"; };
		B3ECC8DC1580ECED0014B917 /* en */ = {isa = PBXFileReference; lastKnownFileType = text.plist.strings; name = en; path = en.lproj/InfoPlist.strings; sourceTree = "<group>"; };
		B3ECC8DE1580ECED0014B917 /* main.m */ = {isa = PBXFileReference; lastKnownFileType = sourcecode.c.objc; path = main.m; sourceTree = "<group>"; };
		B3ECC8E01580ECED0014B917 /* CrystalBall-Prefix.pch */ = {isa = PBXFileReference; lastKnownFileType = sourcecode.c.h; path = "CrystalBall-Prefix.pch"; sourceTree = "<group>"; };
		B3ECC8E11580ECED0014B917 /* AppDelegate.h */ = {isa = PBXFileReference; lastKnownFileType = sourcecode.c.h; path = AppDelegate.h; sourceTree = "<group>"; };
		B3ECC8E21580ECED0014B917 /* AppDelegate.m */ = {isa = PBXFileReference; lastKnownFileType = sourcecode.c.objc; path = AppDelegate.m; sourceTree = "<group>"; };
		B3ECC8E51580ECED0014B917 /* en */ = {isa = PBXFileReference; lastKnownFileType = file.storyboard; name = en; path = en.lproj/MainStoryboard.storyboard; sourceTree = "<group>"; };
		B3ECC8E71580ECEE0014B917 /* ViewController.h */ = {isa = PBXFileReference; lastKnownFileType = sourcecode.c.h; path = ViewController.h; sourceTree = "<group>"; };
		B3ECC8E81580ECEE0014B917 /* ViewController.m */ = {isa = PBXFileReference; lastKnownFileType = sourcecode.c.objc; path = ViewController.m; sourceTree = "<group>"; };
/* End PBXFileReference section */

/* Begin PBXFrameworksBuildPhase section */
		B3ECC8CB1580ECED0014B917 /* Frameworks */ = {
			isa = PBXFrameworksBuildPhase;
			buildActionMask = 2147483647;
			files = (
				B3ECC8D31580ECED0014B917 /* UIKit.framework in Frameworks */,
				B3ECC8D51580ECED0014B917 /* Foundation.framework in Frameworks */,
				B3ECC8D71580ECED0014B917 /* CoreGraphics.framework in Frameworks */,
			);
			runOnlyForDeploymentPostprocessing = 0;
		};
/* End PBXFrameworksBuildPhase section */

/* Begin PBXGroup section */
		B3ECC8C31580ECED0014B917 = {
			isa = PBXGroup;
			children = (
				B3ECC8D81580ECED0014B917 /* CrystalBall */,
				B3ECC8D11580ECED0014B917 /* Frameworks */,
				B3ECC8CF1580ECED0014B917 /* Products */,
			);
			sourceTree = "<group>";
		};
		B3ECC8CF1580ECED0014B917 /* Products */ = {
			isa = PBXGroup;
			children = (
				B3ECC8CE1580ECED0014B917 /* CrystalBall.app */,
			);
			name = Products;
			sourceTree = "<group>";
		};
		B3ECC8D11580ECED0014B917 /* Frameworks */ = {
			isa = PBXGroup;
			children = (
				B3ECC8D21580ECED0014B917 /* UIKit.framework */,
				B3ECC8D41580ECED0014B917 /* Foundation.framework */,
				B3ECC8D61580ECED0014B917 /* CoreGraphics.framework */,
			);
			name = Frameworks;
			sourceTree = "<group>";
		};
		B3ECC8D81580ECED0014B917 /* CrystalBall */ = {
			isa = PBXGroup;
			children = (
				B3ECC8E11580ECED0014B917 /* AppDelegate.h */,
				B3ECC8E21580ECED0014B917 /* AppDelegate.m */,
				B3ECC8E41580ECED0014B917 /* MainStoryboard.storyboard */,
				B3ECC8E71580ECEE0014B917 /* ViewController.h */,
				B3ECC8E81580ECEE0014B917 /* ViewController.m */,
				B3ECC8D91580ECED0014B917 /* Supporting Files */,
			);
			path = CrystalBall;
			sourceTree = "<group>";
		};
		B3ECC8D91580ECED0014B917 /* Supporting Files */ = {
			isa = PBXGroup;
			children = (
				B3ECC8DA1580ECED0014B917 /* CrystalBall-Info.plist */,
				B3ECC8DB1580ECED0014B917 /* InfoPlist.strings */,
				B3ECC8DE1580ECED0014B917 /* main.m */,
				B3ECC8E01580ECED0014B917 /* CrystalBall-Prefix.pch */,
			);
			name = "Supporting Files";
			sourceTree = "<group>";
		};
/* End PBXGroup section */

/* Begin PBXNativeTarget section */
		B3ECC8CD1580ECED0014B917 /* CrystalBall */ = {
			isa = PBXNativeTarget;
			buildConfigurationList = B3ECC8EC1580ECEE0014B917 /* Build configuration list for PBXNativeTarget "CrystalBall" */;
			buildPhases = (
				B3ECC8CA1580ECED0014B917 /* Sources */,
				B3ECC8CB1580ECED0014B917 /* Frameworks */,
				B3ECC8CC1580ECED0014B917 /* Resources */,
			);
			buildRules = (
			);
			dependencies = (
			);
			name = CrystalBall;
			productName = CrystalBall;
			productReference = B3ECC8CE1580ECED0014B917 /* CrystalBall.app */;
			productType = "com.apple.product-type.application";
		};
/* End PBXNativeTarget section */

/* Begin PBXProject section */
		B3ECC8C51580ECED0014B917 /* Project object */ = {
			isa = PBXProject;
			attributes = {
				LastUpgradeCheck = 0440;
				ORGANIZATIONNAME = "DmgCtrl, Ltd.";
			};
			buildConfigurationList = B3ECC8C81580ECED0014B917 /* Build configuration list for PBXProject "CrystalBall" */;
			compatibilityVersion = "Xcode 3.2";
			developmentRegion = English;
			hasScannedForEncodings = 0;
			knownRegions = (
				en,
			);
			mainGroup = B3ECC8C31580ECED0014B917;
			productRefGroup = B3ECC8CF1580ECED0014B917 /* Products */;
			projectDirPath = "";
			projectRoot = "";
			targets = (
				B3ECC8CD1580ECED0014B917 /* CrystalBall */,
			);
		};
/* End PBXProject section */

/* Begin PBXResourcesBuildPhase section */
		B3ECC8CC1580ECED0014B917 /* Resources */ = {
			isa = PBXResourcesBuildPhase;
			buildActionMask = 2147483647;
			files = (
				B3ECC8DD1580ECED0014B917 /* InfoPlist.strings in Resources */,
				B3ECC8E61580ECED0014B917 /* MainStoryboard.storyboard in Resources */,
			);
			runOnlyForDeploymentPostprocessing = 0;
		};
/* End PBXResourcesBuildPhase section */

/* Begin PBXSourcesBuildPhase section */
		B3ECC8CA1580ECED0014B917 /* Sources */ = {
			isa = PBXSourcesBuildPhase;
			buildActionMask = 2147483647;
			files = (
				B3ECC8DF1580ECED0014B917 /* main.m in Sources */,
				B3ECC8E31580ECED0014B917 /* AppDelegate.m in Sources */,
				B3ECC8E91580ECEE0014B917 /* ViewController.m in Sources */,
			);
			runOnlyForDeploymentPostprocessing = 0;
		};
/* End PBXSourcesBuildPhase section */

/* Begin PBXVariantGroup section */
		B3ECC8DB1580ECED0014B917 /* InfoPlist.strings */ = {
			isa = PBXVariantGroup;
			children = (
				B3ECC8DC1580ECED0014B917 /* en */,
			);
			name = InfoPlist.strings;
			sourceTree = "<group>";
		};
		B3ECC8E41580ECED0014B917 /* MainStoryboard.storyboard */ = {
			isa = PBXVariantGroup;
			children = (
				B3ECC8E51580ECED0014B917 /* en */,
			);
			name = MainStoryboard.storyboard;
			sourceTree = "<group>";
		};
/* End PBXVariantGroup section */

/* Begin XCBuildConfiguration section */
		B3ECC8EA1580ECEE0014B917 /* Debug */ = {
			isa = XCBuildConfiguration;
			buildSettings = {
				ALWAYS_SEARCH_USER_PATHS = NO;
				ARCHS = "$(ARCHS_STANDARD_32_BIT)";
				CLANG_ENABLE_OBJC_ARC = YES;
				"CODE_SIGN_IDENTITY[sdk=iphoneos*]" = "iPhone Developer";
				COPY_PHASE_STRIP = NO;
				GCC_C_LANGUAGE_STANDARD = gnu99;
				GCC_DYNAMIC_NO_PIC = NO;
				GCC_OPTIMIZATION_LEVEL = 0;
				GCC_PREPROCESSOR_DEFINITIONS = (
					"DEBUG=1",
					"$(inherited)",
				);
				GCC_SYMBOLS_PRIVATE_EXTERN = NO;
				GCC_VERSION = com.apple.compilers.llvm.clang.1_0;
				GCC_WARN_ABOUT_MISSING_PROTOTYPES = YES;
				GCC_WARN_ABOUT_RETURN_TYPE = YES;
				GCC_WARN_UNUSED_VARIABLE = YES;
				IPHONEOS_DEPLOYMENT_TARGET = 5.0;
				SDKROOT = iphoneos;
			};
			name = Debug;
		};
		B3ECC8EB1580ECEE0014B917 /* Release */ = {
			isa = XCBuildConfiguration;
			buildSettings = {
				ALWAYS_SEARCH_USER_PATHS = NO;
				ARCHS = "$(ARCHS_STANDARD_32_BIT)";
				CLANG_ENABLE_OBJC_ARC = YES;
				"CODE_SIGN_IDENTITY[sdk=iphoneos*]" = "iPhone Developer";
				COPY_PHASE_STRIP = YES;
				GCC_C_LANGUAGE_STANDARD = gnu99;
				GCC_VERSION = com.apple.compilers.llvm.clang.1_0;
				GCC_WARN_ABOUT_MISSING_PROTOTYPES = YES;
				GCC_WARN_ABOUT_RETURN_TYPE = YES;
				GCC_WARN_UNUSED_VARIABLE = YES;
				IPHONEOS_DEPLOYMENT_TARGET = 5.0;
				OTHER_CFLAGS = "-DNS_BLOCK_ASSERTIONS=1";
				SDKROOT = iphoneos;
				VALIDATE_PRODUCT = YES;
			};
			name = Release;
		};
		B3ECC8ED1580ECEE0014B917 /* Debug */ = {
			isa = XCBuildConfiguration;
			buildSettings = {
				GCC_PRECOMPILE_PREFIX_HEADER = YES;
				GCC_PREFIX_HEADER = "CrystalBall/CrystalBall-Prefix.pch";
				INFOPLIST_FILE = "CrystalBall/CrystalBall-Info.plist";
				PRODUCT_NAME = "$(TARGET_NAME)";
				WRAPPER_EXTENSION = app;
			};
			name = Debug;
		};
		B3ECC8EE1580ECEE0014B917 /* Release */ = {
			isa = XCBuildConfiguration;
			buildSettings = {
				GCC_PRECOMPILE_PREFIX_HEADER = YES;
				GCC_PREFIX_HEADER = "CrystalBall/CrystalBall-Prefix.pch";
				INFOPLIST_FILE = "CrystalBall/CrystalBall-Info.plist";
				PRODUCT_NAME = "$(TARGET_NAME)";
				WRAPPER_EXTENSION = app;
			};
			name = Release;
		};
/* End XCBuildConfiguration section */

/* Begin XCConfigurationList section */
		B3ECC8C81580ECED0014B917 /* Build configuration list for PBXProject "CrystalBall" */ = {
			isa = XCConfigurationList;
			buildConfigurations = (
				B3ECC8EA1580ECEE0014B917 /* Debug */,
				B3ECC8EB1580ECEE0014B917 /* Release */,
			);
			defaultConfigurationIsVisible = 0;
			defaultConfigurationName = Release;
		};
		B3ECC8EC1580ECEE0014B917 /* Build configuration list for PBXNativeTarget "CrystalBall" */ = {
			isa = XCConfigurationList;
			buildConfigurations = (
				B3ECC8ED1580ECEE0014B917 /* Debug */,
				B3ECC8EE1580ECEE0014B917 /* Release */,
			);
			defaultConfigurationIsVisible = 0;
			defaultConfigurationName = Release;
		};
/* End XCConfigurationList section */
	};
	rootObject = B3ECC8C51580ECED0014B917 /* Project object */;
}
