// !$*UTF8*$!
{
	archiveVersion = 1;
	classes = {
	};
	objectVersion = 46;
	objects = {

/* Begin PBXBuildFile section */
		B39E363F1486DB4B0009A37D /* UIKit.framework in Frameworks */ = {isa = PBXBuildFile; fileRef = B39E363E1486DB4B0009A37D /* UIKit.framework */; };
		B39E36411486DB4B0009A37D /* Foundation.framework in Frameworks */ = {isa = PBXBuildFile; fileRef = B39E36401486DB4B0009A37D /* Foundation.framework */; };
		B39E36431486DB4B0009A37D /* CoreGraphics.framework in Frameworks */ = {isa = PBXBuildFile; fileRef = B39E36421486DB4B0009A37D /* CoreGraphics.framework */; };
		B39E36491486DB4B0009A37D /* InfoPlist.strings in Resources */ = {isa = PBXBuildFile; fileRef = B39E36471486DB4B0009A37D /* InfoPlist.strings */; };
		B39E364B1486DB4B0009A37D /* main.m in Sources */ = {isa = PBXBuildFile; fileRef = B39E364A1486DB4B0009A37D /* main.m */; };
		B39E364F1486DB4B0009A37D /* AppDelegate.m in Sources */ = {isa = PBXBuildFile; fileRef = B39E364E1486DB4B0009A37D /* AppDelegate.m */; };
		B39E36521486DB4B0009A37D /* ViewController.m in Sources */ = {isa = PBXBuildFile; fileRef = B39E36511486DB4B0009A37D /* ViewController.m */; };
		B39E36551486DB4B0009A37D /* ViewController.xib in Resources */ = {isa = PBXBuildFile; fileRef = B39E36531486DB4B0009A37D /* ViewController.xib */; };
		B39E36621486E1F70009A37D /* Book.m in Sources */ = {isa = PBXBuildFile; fileRef = B39E36611486E1F70009A37D /* Book.m */; };
/* End PBXBuildFile section */

/* Begin PBXFileReference section */
		B39E363A1486DB4B0009A37D /* ARC.app */ = {isa = PBXFileReference; explicitFileType = wrapper.application; includeInIndex = 0; path = ARC.app; sourceTree = BUILT_PRODUCTS_DIR; };
		B39E363E1486DB4B0009A37D /* UIKit.framework */ = {isa = PBXFileReference; lastKnownFileType = wrapper.framework; name = UIKit.framework; path = System/Library/Frameworks/UIKit.framework; sourceTree = SDKROOT; };
		B39E36401486DB4B0009A37D /* Foundation.framework */ = {isa = PBXFileReference; lastKnownFileType = wrapper.framework; name = Foundation.framework; path = System/Library/Frameworks/Foundation.framework; sourceTree = SDKROOT; };
		B39E36421486DB4B0009A37D /* CoreGraphics.framework */ = {isa = PBXFileReference; lastKnownFileType = wrapper.framework; name = CoreGraphics.framework; path = System/Library/Frameworks/CoreGraphics.framework; sourceTree = SDKROOT; };
		B39E36461486DB4B0009A37D /* ARC-Info.plist */ = {isa = PBXFileReference; lastKnownFileType = text.plist.xml; path = "ARC-Info.plist"; sourceTree = "<group>"; };
		B39E36481486DB4B0009A37D /* en */ = {isa = PBXFileReference; lastKnownFileType = text.plist.strings; name = en; path = en.lproj/InfoPlist.strings; sourceTree = "<group>"; };
		B39E364A1486DB4B0009A37D /* main.m */ = {isa = PBXFileReference; lastKnownFileType = sourcecode.c.objc; path = main.m; sourceTree = "<group>"; };
		B39E364C1486DB4B0009A37D /* ARC-Prefix.pch */ = {isa = PBXFileReference; lastKnownFileType = sourcecode.c.h; path = "ARC-Prefix.pch"; sourceTree = "<group>"; };
		B39E364D1486DB4B0009A37D /* AppDelegate.h */ = {isa = PBXFileReference; lastKnownFileType = sourcecode.c.h; path = AppDelegate.h; sourceTree = "<group>"; };
		B39E364E1486DB4B0009A37D /* AppDelegate.m */ = {isa = PBXFileReference; lastKnownFileType = sourcecode.c.objc; path = AppDelegate.m; sourceTree = "<group>"; };
		B39E36501486DB4B0009A37D /* ViewController.h */ = {isa = PBXFileReference; lastKnownFileType = sourcecode.c.h; path = ViewController.h; sourceTree = "<group>"; };
		B39E36511486DB4B0009A37D /* ViewController.m */ = {isa = PBXFileReference; lastKnownFileType = sourcecode.c.objc; path = ViewController.m; sourceTree = "<group>"; };
		B39E36541486DB4B0009A37D /* en */ = {isa = PBXFileReference; lastKnownFileType = file.xib; name = en; path = en.lproj/ViewController.xib; sourceTree = "<group>"; };
		B39E36601486E1F70009A37D /* Book.h */ = {isa = PBXFileReference; fileEncoding = 4; lastKnownFileType = sourcecode.c.h; path = Book.h; sourceTree = "<group>"; };
		B39E36611486E1F70009A37D /* Book.m */ = {isa = PBXFileReference; fileEncoding = 4; lastKnownFileType = sourcecode.c.objc; path = Book.m; sourceTree = "<group>"; };
/* End PBXFileReference section */

/* Begin PBXFrameworksBuildPhase section */
		B39E36371486DB4B0009A37D /* Frameworks */ = {
			isa = PBXFrameworksBuildPhase;
			buildActionMask = 2147483647;
			files = (
				B39E363F1486DB4B0009A37D /* UIKit.framework in Frameworks */,
				B39E36411486DB4B0009A37D /* Foundation.framework in Frameworks */,
				B39E36431486DB4B0009A37D /* CoreGraphics.framework in Frameworks */,
			);
			runOnlyForDeploymentPostprocessing = 0;
		};
/* End PBXFrameworksBuildPhase section */

/* Begin PBXGroup section */
		B39E362F1486DB4B0009A37D = {
			isa = PBXGroup;
			children = (
				B39E36441486DB4B0009A37D /* ARC */,
				B39E363D1486DB4B0009A37D /* Frameworks */,
				B39E363B1486DB4B0009A37D /* Products */,
			);
			sourceTree = "<group>";
		};
		B39E363B1486DB4B0009A37D /* Products */ = {
			isa = PBXGroup;
			children = (
				B39E363A1486DB4B0009A37D /* ARC.app */,
			);
			name = Products;
			sourceTree = "<group>";
		};
		B39E363D1486DB4B0009A37D /* Frameworks */ = {
			isa = PBXGroup;
			children = (
				B39E363E1486DB4B0009A37D /* UIKit.framework */,
				B39E36401486DB4B0009A37D /* Foundation.framework */,
				B39E36421486DB4B0009A37D /* CoreGraphics.framework */,
			);
			name = Frameworks;
			sourceTree = "<group>";
		};
		B39E36441486DB4B0009A37D /* ARC */ = {
			isa = PBXGroup;
			children = (
				B39E364D1486DB4B0009A37D /* AppDelegate.h */,
				B39E364E1486DB4B0009A37D /* AppDelegate.m */,
				B39E36501486DB4B0009A37D /* ViewController.h */,
				B39E36511486DB4B0009A37D /* ViewController.m */,
				B39E36531486DB4B0009A37D /* ViewController.xib */,
				B39E36451486DB4B0009A37D /* Supporting Files */,
				B39E36601486E1F70009A37D /* Book.h */,
				B39E36611486E1F70009A37D /* Book.m */,
			);
			path = ARC;
			sourceTree = "<group>";
		};
		B39E36451486DB4B0009A37D /* Supporting Files */ = {
			isa = PBXGroup;
			children = (
				B39E36461486DB4B0009A37D /* ARC-Info.plist */,
				B39E36471486DB4B0009A37D /* InfoPlist.strings */,
				B39E364A1486DB4B0009A37D /* main.m */,
				B39E364C1486DB4B0009A37D /* ARC-Prefix.pch */,
			);
			name = "Supporting Files";
			sourceTree = "<group>";
		};
/* End PBXGroup section */

/* Begin PBXNativeTarget section */
		B39E36391486DB4B0009A37D /* ARC */ = {
			isa = PBXNativeTarget;
			buildConfigurationList = B39E36581486DB4B0009A37D /* Build configuration list for PBXNativeTarget "ARC" */;
			buildPhases = (
				B39E36361486DB4B0009A37D /* Sources */,
				B39E36371486DB4B0009A37D /* Frameworks */,
				B39E36381486DB4B0009A37D /* Resources */,
			);
			buildRules = (
			);
			dependencies = (
			);
			name = ARC;
			productName = ARC;
			productReference = B39E363A1486DB4B0009A37D /* ARC.app */;
			productType = "com.apple.product-type.application";
		};
/* End PBXNativeTarget section */

/* Begin PBXProject section */
		B39E36311486DB4B0009A37D /* Project object */ = {
			isa = PBXProject;
			attributes = {
				LastUpgradeCheck = 0420;
				ORGANIZATIONNAME = "Treehouse Island Inc";
			};
			buildConfigurationList = B39E36341486DB4B0009A37D /* Build configuration list for PBXProject "ARC" */;
			compatibilityVersion = "Xcode 3.2";
			developmentRegion = English;
			hasScannedForEncodings = 0;
			knownRegions = (
				en,
			);
			mainGroup = B39E362F1486DB4B0009A37D;
			productRefGroup = B39E363B1486DB4B0009A37D /* Products */;
			projectDirPath = "";
			projectRoot = "";
			targets = (
				B39E36391486DB4B0009A37D /* ARC */,
			);
		};
/* End PBXProject section */

/* Begin PBXResourcesBuildPhase section */
		B39E36381486DB4B0009A37D /* Resources */ = {
			isa = PBXResourcesBuildPhase;
			buildActionMask = 2147483647;
			files = (
				B39E36491486DB4B0009A37D /* InfoPlist.strings in Resources */,
				B39E36551486DB4B0009A37D /* ViewController.xib in Resources */,
			);
			runOnlyForDeploymentPostprocessing = 0;
		};
/* End PBXResourcesBuildPhase section */

/* Begin PBXSourcesBuildPhase section */
		B39E36361486DB4B0009A37D /* Sources */ = {
			isa = PBXSourcesBuildPhase;
			buildActionMask = 2147483647;
			files = (
				B39E364B1486DB4B0009A37D /* main.m in Sources */,
				B39E364F1486DB4B0009A37D /* AppDelegate.m in Sources */,
				B39E36521486DB4B0009A37D /* ViewController.m in Sources */,
				B39E36621486E1F70009A37D /* Book.m in Sources */,
			);
			runOnlyForDeploymentPostprocessing = 0;
		};
/* End PBXSourcesBuildPhase section */

/* Begin PBXVariantGroup section */
		B39E36471486DB4B0009A37D /* InfoPlist.strings */ = {
			isa = PBXVariantGroup;
			children = (
				B39E36481486DB4B0009A37D /* en */,
			);
			name = InfoPlist.strings;
			sourceTree = "<group>";
		};
		B39E36531486DB4B0009A37D /* ViewController.xib */ = {
			isa = PBXVariantGroup;
			children = (
				B39E36541486DB4B0009A37D /* en */,
			);
			name = ViewController.xib;
			sourceTree = "<group>";
		};
/* End PBXVariantGroup section */

/* Begin XCBuildConfiguration section */
		B39E36561486DB4B0009A37D /* Debug */ = {
			isa = XCBuildConfiguration;
			buildSettings = {
				ALWAYS_SEARCH_USER_PATHS = NO;
				ARCHS = "$(ARCHS_STANDARD_32_BIT)";
				CLANG_ENABLE_OBJC_ARC = YES;
				"CODE_SIGN_IDENTITY[sdk=iphoneos*]" = "iPhone Developer";
				COPY_PHASE_STRIP = NO;
				GCC_C_LANGUAGE_STANDARD = gnu99;
				GCC_DYNAMIC_NO_PIC = NO;
				GCC_OPTIMIZATION_LEVEL = 0;
				GCC_PREPROCESSOR_DEFINITIONS = (
					"DEBUG=1",
					"$(inherited)",
				);
				GCC_SYMBOLS_PRIVATE_EXTERN = NO;
				GCC_VERSION = com.apple.compilers.llvm.clang.1_0;
				GCC_WARN_ABOUT_MISSING_PROTOTYPES = YES;
				GCC_WARN_ABOUT_RETURN_TYPE = YES;
				GCC_WARN_UNUSED_VARIABLE = YES;
				IPHONEOS_DEPLOYMENT_TARGET = 5.0;
				SDKROOT = iphoneos;
			};
			name = Debug;
		};
		B39E36571486DB4B0009A37D /* Release */ = {
			isa = XCBuildConfiguration;
			buildSettings = {
				ALWAYS_SEARCH_USER_PATHS = NO;
				ARCHS = "$(ARCHS_STANDARD_32_BIT)";
				CLANG_ENABLE_OBJC_ARC = YES;
				"CODE_SIGN_IDENTITY[sdk=iphoneos*]" = "iPhone Developer";
				COPY_PHASE_STRIP = YES;
				GCC_C_LANGUAGE_STANDARD = gnu99;
				GCC_VERSION = com.apple.compilers.llvm.clang.1_0;
				GCC_WARN_ABOUT_MISSING_PROTOTYPES = YES;
				GCC_WARN_ABOUT_RETURN_TYPE = YES;
				GCC_WARN_UNUSED_VARIABLE = YES;
				IPHONEOS_DEPLOYMENT_TARGET = 5.0;
				OTHER_CFLAGS = "-DNS_BLOCK_ASSERTIONS=1";
				SDKROOT = iphoneos;
				VALIDATE_PRODUCT = YES;
			};
			name = Release;
		};
		B39E36591486DB4B0009A37D /* Debug */ = {
			isa = XCBuildConfiguration;
			buildSettings = {
				GCC_PRECOMPILE_PREFIX_HEADER = YES;
				GCC_PREFIX_HEADER = "ARC/ARC-Prefix.pch";
				INFOPLIST_FILE = "ARC/ARC-Info.plist";
				PRODUCT_NAME = "$(TARGET_NAME)";
				WRAPPER_EXTENSION = app;
			};
			name = Debug;
		};
		B39E365A1486DB4B0009A37D /* Release */ = {
			isa = XCBuildConfiguration;
			buildSettings = {
				GCC_PRECOMPILE_PREFIX_HEADER = YES;
				GCC_PREFIX_HEADER = "ARC/ARC-Prefix.pch";
				INFOPLIST_FILE = "ARC/ARC-Info.plist";
				PRODUCT_NAME = "$(TARGET_NAME)";
				WRAPPER_EXTENSION = app;
			};
			name = Release;
		};
/* End XCBuildConfiguration section */

/* Begin XCConfigurationList section */
		B39E36341486DB4B0009A37D /* Build configuration list for PBXProject "ARC" */ = {
			isa = XCConfigurationList;
			buildConfigurations = (
				B39E36561486DB4B0009A37D /* Debug */,
				B39E36571486DB4B0009A37D /* Release */,
			);
			defaultConfigurationIsVisible = 0;
			defaultConfigurationName = Release;
		};
		B39E36581486DB4B0009A37D /* Build configuration list for PBXNativeTarget "ARC" */ = {
			isa = XCConfigurationList;
			buildConfigurations = (
				B39E36591486DB4B0009A37D /* Debug */,
				B39E365A1486DB4B0009A37D /* Release */,
			);
			defaultConfigurationIsVisible = 0;
			defaultConfigurationName = Release;
		};
/* End XCConfigurationList section */
	};
	rootObject = B39E36311486DB4B0009A37D /* Project object */;
}
